	<Project xmlns="http://schemas.microsoft.com/developer/msbuild/2003">
		<PropertyGroup>
			<ProjectGuid>{1A09E32A-9D2A-45A0-A1BA-252FE063DF96}</ProjectGuid>
			<ProjectVersion>13.4</ProjectVersion>
			<MainSource>Member.dpr</MainSource>
			<Config Condition="'$(Config)'==''">Debug</Config>
			<DCC_DCCCompiler>DCC32</DCC_DCCCompiler>
			<FrameworkType>VCL</FrameworkType>
			<Base>True</Base>
			<Platform Condition="'$(Platform)'==''">Win32</Platform>
			<TargetedPlatforms>1</TargetedPlatforms>
			<AppType>Application</AppType>
		</PropertyGroup>
		<PropertyGroup Condition="'$(Config)'=='Base' or '$(Base)'!=''">
			<Base>true</Base>
		</PropertyGroup>
		<PropertyGroup Condition="('$(Platform)'=='Win64' and '$(Base)'=='true') or '$(Base_Win64)'!=''">
			<Base_Win64>true</Base_Win64>
			<CfgParent>Base</CfgParent>
			<Base>true</Base>
		</PropertyGroup>
		<PropertyGroup Condition="('$(Platform)'=='Win32' and '$(Base)'=='true') or '$(Base_Win32)'!=''">
			<Base_Win32>true</Base_Win32>
			<CfgParent>Base</CfgParent>
			<Base>true</Base>
		</PropertyGroup>
		<PropertyGroup Condition="'$(Config)'=='Release' or '$(Cfg_1)'!=''">
			<Cfg_1>true</Cfg_1>
			<CfgParent>Base</CfgParent>
			<Base>true</Base>
		</PropertyGroup>
		<PropertyGroup Condition="'$(Config)'=='Debug' or '$(Cfg_2)'!=''">
			<Cfg_2>true</Cfg_2>
			<CfgParent>Base</CfgParent>
			<Base>true</Base>
		</PropertyGroup>
		<PropertyGroup Condition="('$(Platform)'=='Win32' and '$(Cfg_2)'=='true') or '$(Cfg_2_Win32)'!=''">
			<Cfg_2_Win32>true</Cfg_2_Win32>
			<CfgParent>Cfg_2</CfgParent>
			<Cfg_2>true</Cfg_2>
			<Base>true</Base>
		</PropertyGroup>
		<PropertyGroup Condition="'$(Base)'!=''">
			<VerInfo_Locale>1049</VerInfo_Locale>
			<VerInfo_Build>30</VerInfo_Build>
			<VerInfo_Keys>CompanyName=;FileDescription=;FileVersion=0.1.0.30;InternalName=;LegalCopyright=;LegalTrademarks=;OriginalFilename=;ProductName=;ProductVersion=1.0.0.0;Comments=</VerInfo_Keys>
			<VerInfo_IncludeVerInfo>true</VerInfo_IncludeVerInfo>
			<VerInfo_MajorVer>0</VerInfo_MajorVer>
			<DCC_Namespace>Vcl;Vcl.Imaging;Vcl.Touch;Vcl.Samples;Vcl.Shell;System;Xml;Data;Datasnap;Web;Soap;Winapi;$(DCC_Namespace)</DCC_Namespace>
			<VerInfo_MinorVer>1</VerInfo_MinorVer>
			<DCC_UsePackage>vcl;rtl;vclx;vclimg;vclactnband;dbrtl;vcldb;vcldbx;bdertl;vcltouch;xmlrtl;dsnap;dsnapcon;TeeUI;TeeDB;Tee;vclib;ibxpress;adortl;IndyCore;IndySystem;IndyProtocols;inet;intrawebdb_100_140;Intraweb_100_140;VclSmp;vclie;websnap;webdsnap;inetdb;inetdbbde;inetdbxpress;soaprtl;vclribbon;dbexpress;DbxCommonDriver;DataSnapIndy10ServerTransport;DataSnapProviderClient;DbxClientDriver;DataSnapServer;DBXInterBaseDriver;DBXMySQLDriver;dbxcds;DBXFirebirdDriver;DBXSybaseASEDriver;DBXSybaseASADriver;DBXOracleDriver;DBXMSSQLDriver;DBXInformixDriver;DBXDb2Driver;EhLib120;EhLibDataDrivers120;TMSMenusD2010;ATBWizardPkgD2010;YGComponents;dacvcl140;dac140;mydacvcl140;mydac140;mysqlmon140;dxCoreD14;cxLibraryD14;cxEditorsD14;cxExtEditorsD14;dxBarD14;cxBarEditItemD14;dxBarDBNavD14;dxBarExtItemsD14;dxBarExtDBItemsD14;dxRibbonD14;dxDockingD14;dxComnD14;dxsbD14;dxNavBarD14;cxPageControlD14;dxLayoutControlD14;cxSpreadSheetD14;dxmdsD14;dxdbtrD14;dxtrmdD14;dxThemeD14;dxGDIPlusD14;dxFlowChartD14;cxTreeListD14;cxTreeListdxBarPopupMenuD14;cxGridD14;cxVerticalGridD14;dxorgcD14;dxdborD14;cxSchedulerD14;cxPivotGridD14;cxPivotGridChartD14;cxPivotGridOLAPD14;dcldxSkinsCoreD14;dxSkinsCoreD14;dxSkinscxPCPainterD14;dxSkinscxScheduler3PainterD14;dxSkinsdxNavBar2PainterD14;dxSkinsdxRibbonPainterD14;dxSkinsdxBarPainterD14;dxSkinsdxDLPainterD14;dxSkinBlackD14;dxSkinBlueD14;dxSkinCaramelD14;dxSkinCoffeeD14;dxSkinDarkSideD14;dxSkinGlassOceansD14;dxSkiniMaginaryD14;dxSkinLilianD14;dxSkinLiquidSkyD14;dxSkinLondonLiquidSkyD14;dxSkinMcSkinD14;dxSkinMoneyTwinsD14;dxSkinOffice2007BlackD14;dxSkinOffice2007BlueD14;dxSkinOffice2007GreenD14;dxSkinOffice2007PinkD14;dxSkinOffice2007SilverD14;dxSkinOffice2010BlackD14;dxSkinOffice2010BlueD14;dxSkinOffice2010SilverD14;dxSkinPumpkinD14;dxSkinSilverD14;dxSkinSpringTimeD14;dxSkinStardustD14;dxSkinSummer2008D14;dxSkinValentineD14;dxSkinXmas2008BlueD14;dxSkinSevenD14;dxSkinFoggyD14;dxSkinDarkRoomD14;dxSkinSharpD14;dxPSCoreD14;dxPSLnksD14;dxPScxCommonD14;dxPScxExtCommonD14;dxPScxSSLnkD14;dxPScxTL5LnkD14;dxPScxVGridLnkD14;dxPSTeeChartD14;dxPSDBTeeChartD14;dxPSdxFCLnkD14;dxPSdxLC2LnkD14;dxPSdxOCLnkD14;dxPSdxDBOCLnkD14;dxPsPrVwAdvD14;dxPSPrVwRibbonD14;dxPSdxDBTVLnkD14;dxPScxPCProdD14;dxPScxGrid6LnkD14;dxPScxScheduler3LnkD14;dxPScxPivotGrid2LnkD14;dxSpellCheckerD14;$(DCC_UsePackage)</DCC_UsePackage>
			<DCC_DependencyCheckOutputName>..\Application\Member.exe</DCC_DependencyCheckOutputName>
			<DCC_ImageBase>00400000</DCC_ImageBase>
			<DCC_ExeOutput>..\Application</DCC_ExeOutput>
			<DCC_Platform>x86</DCC_Platform>
			<DCC_DcuOutput>..\Units\Member</DCC_DcuOutput>
			<DCC_N>false</DCC_N>
			<DCC_S>false</DCC_S>
			<DCC_K>false</DCC_K>
			<DCC_E>false</DCC_E>
			<DCC_F>false</DCC_F>
		</PropertyGroup>
		<PropertyGroup Condition="'$(Base_Win64)'!=''">
			<Icon_MainIcon>Member_Icon2.ico</Icon_MainIcon>
			<Manifest_File>$(BDS)\bin\default_app.manifest</Manifest_File>
		</PropertyGroup>
		<PropertyGroup Condition="'$(Base_Win32)'!=''">
			<VerInfo_IncludeVerInfo>true</VerInfo_IncludeVerInfo>
			<Icon_MainIcon>Member_Icon2.ico</Icon_MainIcon>
			<DCC_Namespace>System.Win;Data.Win;Datasnap.Win;Web.Win;Soap.Win;Xml.Win;Bde;$(DCC_Namespace)</DCC_Namespace>
			<VerInfo_Locale>1033</VerInfo_Locale>
			<Manifest_File>$(BDS)\bin\default_app.manifest</Manifest_File>
			<VerInfo_Keys>CompanyName=;FileDescription=;FileVersion=1.0.0.0;InternalName=;LegalCopyright=;LegalTrademarks=;OriginalFilename=;ProductName=;ProductVersion=1.0.0.0;Comments=</VerInfo_Keys>
		</PropertyGroup>
		<PropertyGroup Condition="'$(Cfg_1)'!=''">
			<DCC_LocalDebugSymbols>false</DCC_LocalDebugSymbols>
			<DCC_Define>RELEASE;$(DCC_Define)</DCC_Define>
			<DCC_SymbolReferenceInfo>0</DCC_SymbolReferenceInfo>
			<DCC_DebugInformation>false</DCC_DebugInformation>
		</PropertyGroup>
		<PropertyGroup Condition="'$(Cfg_2)'!=''">
			<DCC_Define>DEBUG;$(DCC_Define)</DCC_Define>
		</PropertyGroup>
		<PropertyGroup Condition="'$(Cfg_2_Win32)'!=''">
			<VerInfo_Keys>CompanyName=;FileDescription=;FileVersion=1.0.0.0;InternalName=;LegalCopyright=;LegalTrademarks=;OriginalFilename=;ProductName=;ProductVersion=1.0.0.0;Comments=</VerInfo_Keys>
			<DCC_ExeOutput>bin</DCC_ExeOutput>
			<DCC_DcuOutput>dcu</DCC_DcuOutput>
			<VerInfo_Locale>1033</VerInfo_Locale>
		</PropertyGroup>
		<ItemGroup>
			<DelphiCompile Include="$(MainSource)">
				<MainSource>MainSource</MainSource>
			</DelphiCompile>
			<DCCReference Include="dm\dmCon.pas">
				<Form>connectDm</Form>
				<DesignClass>TDataModule</DesignClass>
			</DCCReference>
			<DCCReference Include="dm\dmData.pas">
				<Form>dataDm</Form>
				<DesignClass>TDataModule</DesignClass>
			</DCCReference>
			<DCCReference Include="form\formMain.pas">
				<Form>mainFrm</Form>
			</DCCReference>
			<DCCReference Include="core\CORLoggerLib.pas"/>
			<DCCReference Include="core\CORIniLib.pas"/>
			<DCCReference Include="core\CORDialogLib.pas">
				<Form>frmCORDialog</Form>
			</DCCReference>
			<DCCReference Include="core\CORLogicLib.pas"/>
			<DCCReference Include="frame\frameObjects.pas">
				<Form>objectsFrame</Form>
				<DesignClass>TFrame</DesignClass>
			</DCCReference>
			<DCCReference Include="core\CORRec.pas">
				<Form>frmCORRec</Form>
			</DCCReference>
			<DCCReference Include="form\formEditObject.pas">
				<Form>editObjectForm</Form>
			</DCCReference>
			<DCCReference Include="MEMDataModule.pas">
				<Form>dmMEM</Form>
				<DesignClass>TDataModule</DesignClass>
			</DCCReference>
			<DCCReference Include="frame\frameOwners.pas">
				<Form>ownersFrame</Form>
				<DesignClass>TFrame</DesignClass>
			</DCCReference>
			<DCCReference Include="form\formEditOwner.pas">
				<Form>editOwnerForm</Form>
			</DCCReference>
			<DCCReference Include="frame\frameShare.pas">
				<Form>shareFrame</Form>
				<DesignClass>TFrame</DesignClass>
			</DCCReference>
			<DCCReference Include="form\formEditShare.pas">
				<Form>editShareForm</Form>
			</DCCReference>
			<DCCReference Include="core\CORList.pas">
				<Form>frmCORList</Form>
			</DCCReference>
			<DCCReference Include="form\formEditBuilding.pas">
				<Form>editBuildingForm</Form>
			</DCCReference>
			<DCCReference Include="unit\config.pas"/>
			<DCCReference Include="unit\DBfunc.pas">
				<Form>$R *.res</Form>
			</DCCReference>
			<DCCReference Include="form\frmBuildList.pas">
				<Form>buildListForm</Form>
			</DCCReference>
			<DCCReference Include="unit\SQLite3.pas"/>
			<BuildConfiguration Include="Debug">
				<Key>Cfg_2</Key>
				<CfgParent>Base</CfgParent>
			</BuildConfiguration>
			<BuildConfiguration Include="Base">
				<Key>Base</Key>
			</BuildConfiguration>
			<BuildConfiguration Include="Release">
				<Key>Cfg_1</Key>
				<CfgParent>Base</CfgParent>
			</BuildConfiguration>
		</ItemGroup>
		<Import Condition="Exists('$(BDS)\Bin\CodeGear.Delphi.Targets')" Project="$(BDS)\Bin\CodeGear.Delphi.Targets"/>
		<ProjectExtensions>
			<Borland.Personality>Delphi.Personality.12</Borland.Personality>
			<Borland.ProjectType/>
			<BorlandProject>
				<Delphi.Personality>
					<Source>
						<Source Name="MainSource">Member.dpr</Source>
					</Source>
					<Parameters>
						<Parameters Name="UseLauncher">False</Parameters>
						<Parameters Name="LoadAllSymbols">True</Parameters>
						<Parameters Name="LoadUnspecifiedSymbols">False</Parameters>
					</Parameters>
					<VersionInfo>
						<VersionInfo Name="IncludeVerInfo">True</VersionInfo>
						<VersionInfo Name="AutoIncBuild">False</VersionInfo>
						<VersionInfo Name="MajorVer">0</VersionInfo>
						<VersionInfo Name="MinorVer">1</VersionInfo>
						<VersionInfo Name="Release">0</VersionInfo>
						<VersionInfo Name="Build">30</VersionInfo>
						<VersionInfo Name="Debug">False</VersionInfo>
						<VersionInfo Name="PreRelease">False</VersionInfo>
						<VersionInfo Name="Special">False</VersionInfo>
						<VersionInfo Name="Private">False</VersionInfo>
						<VersionInfo Name="DLL">False</VersionInfo>
						<VersionInfo Name="Locale">1049</VersionInfo>
						<VersionInfo Name="CodePage">1251</VersionInfo>
					</VersionInfo>
					<VersionInfoKeys>
						<VersionInfoKeys Name="CompanyName"/>
						<VersionInfoKeys Name="FileDescription"/>
						<VersionInfoKeys Name="FileVersion">0.1.0.30</VersionInfoKeys>
						<VersionInfoKeys Name="InternalName"/>
						<VersionInfoKeys Name="LegalCopyright"/>
						<VersionInfoKeys Name="LegalTrademarks"/>
						<VersionInfoKeys Name="OriginalFilename"/>
						<VersionInfoKeys Name="ProductName"/>
						<VersionInfoKeys Name="ProductVersion">1.0.0.0</VersionInfoKeys>
						<VersionInfoKeys Name="Comments"/>
					</VersionInfoKeys>
					<Excluded_Packages>
						<Excluded_Packages Name="$(BDSBIN)\dcloffice2k160.bpl">Microsoft Office 2000 Sample Automation Server Wrapper Components</Excluded_Packages>
						<Excluded_Packages Name="$(BDSBIN)\dclofficexp160.bpl">Microsoft Office XP Sample Automation Server Wrapper Components</Excluded_Packages>
					</Excluded_Packages>
				</Delphi.Personality>
				<Platforms>
					<Platform value="Win64">False</Platform>
					<Platform value="Win32">True</Platform>
				</Platforms>
			</BorlandProject>
			<ProjectFileVersion>12</ProjectFileVersion>
		</ProjectExtensions>
		<Import Condition="Exists('$(APPDATA)\Embarcadero\$(BDSAPPDATABASEDIR)\$(PRODUCTVERSION)\UserTools.proj')" Project="$(APPDATA)\Embarcadero\$(BDSAPPDATABASEDIR)\$(PRODUCTVERSION)\UserTools.proj"/>
	</Project>
